// !$*UTF8*$!
{
	archiveVersion = 1;
	classes = {
	};
	objectVersion = 46;
	objects = {

/* Begin PBXBuildFile section */
		990950321D9928210040D759 /* AppDelegate.swift in Sources */ = {isa = PBXBuildFile; fileRef = 990950311D9928210040D759 /* AppDelegate.swift */; };
		990950341D9928210040D759 /* ViewController.swift in Sources */ = {isa = PBXBuildFile; fileRef = 990950331D9928210040D759 /* ViewController.swift */; };
		990950371D9928210040D759 /* Main.storyboard in Resources */ = {isa = PBXBuildFile; fileRef = 990950351D9928210040D759 /* Main.storyboard */; };
		990950391D9928210040D759 /* Assets.xcassets in Resources */ = {isa = PBXBuildFile; fileRef = 990950381D9928210040D759 /* Assets.xcassets */; };
		9909503C1D9928210040D759 /* LaunchScreen.storyboard in Resources */ = {isa = PBXBuildFile; fileRef = 9909503A1D9928210040D759 /* LaunchScreen.storyboard */; };
		990950451D9928580040D759 /* Typist.swift in Sources */ = {isa = PBXBuildFile; fileRef = 990950441D9928580040D759 /* Typist.swift */; };
/* End PBXBuildFile section */

/* Begin PBXFileReference section */
		9909502E1D9928210040D759 /* Typist.app */ = {isa = PBXFileReference; explicitFileType = wrapper.application; includeInIndex = 0; path = Typist.app; sourceTree = BUILT_PRODUCTS_DIR; };
		990950311D9928210040D759 /* AppDelegate.swift */ = {isa = PBXFileReference; lastKnownFileType = sourcecode.swift; path = AppDelegate.swift; sourceTree = "<group>"; };
		990950331D9928210040D759 /* ViewController.swift */ = {isa = PBXFileReference; lastKnownFileType = sourcecode.swift; path = ViewController.swift; sourceTree = "<group>"; };
		990950361D9928210040D759 /* Base */ = {isa = PBXFileReference; lastKnownFileType = file.storyboard; name = Base; path = Base.lproj/Main.storyboard; sourceTree = "<group>"; };
		990950381D9928210040D759 /* Assets.xcassets */ = {isa = PBXFileReference; lastKnownFileType = folder.assetcatalog; path = Assets.xcassets; sourceTree = "<group>"; };
		9909503B1D9928210040D759 /* Base */ = {isa = PBXFileReference; lastKnownFileType = file.storyboard; name = Base; path = Base.lproj/LaunchScreen.storyboard; sourceTree = "<group>"; };
		9909503D1D9928210040D759 /* Info.plist */ = {isa = PBXFileReference; lastKnownFileType = text.plist.xml; path = Info.plist; sourceTree = "<group>"; };
		990950441D9928580040D759 /* Typist.swift */ = {isa = PBXFileReference; fileEncoding = 4; lastKnownFileType = sourcecode.swift; path = Typist.swift; sourceTree = "<group>"; };
/* End PBXFileReference section */

/* Begin PBXFrameworksBuildPhase section */
		9909502B1D9928210040D759 /* Frameworks */ = {
			isa = PBXFrameworksBuildPhase;
			buildActionMask = 2147483647;
			files = (
			);
			runOnlyForDeploymentPostprocessing = 0;
		};
/* End PBXFrameworksBuildPhase section */

/* Begin PBXGroup section */
		990950251D9928210040D759 = {
			isa = PBXGroup;
			children = (
				990950431D9928510040D759 /* Source */,
				990950301D9928210040D759 /* Typist Demo App */,
				9909502F1D9928210040D759 /* Products */,
			);
			sourceTree = "<group>";
		};
		9909502F1D9928210040D759 /* Products */ = {
			isa = PBXGroup;
			children = (
				9909502E1D9928210040D759 /* Typist.app */,
			);
			name = Products;
			sourceTree = "<group>";
		};
		990950301D9928210040D759 /* Typist Demo App */ = {
			isa = PBXGroup;
			children = (
				990950311D9928210040D759 /* AppDelegate.swift */,
				990950331D9928210040D759 /* ViewController.swift */,
				990950351D9928210040D759 /* Main.storyboard */,
				990950381D9928210040D759 /* Assets.xcassets */,
				9909503A1D9928210040D759 /* LaunchScreen.storyboard */,
				9909503D1D9928210040D759 /* Info.plist */,
			);
			name = "Typist Demo App";
			path = Typist;
			sourceTree = "<group>";
		};
		990950431D9928510040D759 /* Source */ = {
			isa = PBXGroup;
			children = (
				990950441D9928580040D759 /* Typist.swift */,
			);
			name = Source;
			sourceTree = "<group>";
		};
/* End PBXGroup section */

/* Begin PBXNativeTarget section */
		9909502D1D9928210040D759 /* Typist */ = {
			isa = PBXNativeTarget;
			buildConfigurationList = 990950401D9928210040D759 /* Build configuration list for PBXNativeTarget "Typist" */;
			buildPhases = (
				9909502A1D9928210040D759 /* Sources */,
				9909502B1D9928210040D759 /* Frameworks */,
				9909502C1D9928210040D759 /* Resources */,
			);
			buildRules = (
			);
			dependencies = (
			);
			name = Typist;
			productName = Typist;
			productReference = 9909502E1D9928210040D759 /* Typist.app */;
			productType = "com.apple.product-type.application";
		};
/* End PBXNativeTarget section */

/* Begin PBXProject section */
		990950261D9928210040D759 /* Project object */ = {
			isa = PBXProject;
			attributes = {
				LastSwiftUpdateCheck = 0800;
				LastUpgradeCheck = 0800;
				ORGANIZATIONNAME = "Toto Tvalavadze";
				TargetAttributes = {
					9909502D1D9928210040D759 = {
						CreatedOnToolsVersion = 8.0;
						ProvisioningStyle = Automatic;
					};
				};
			};
			buildConfigurationList = 990950291D9928210040D759 /* Build configuration list for PBXProject "Typist" */;
			compatibilityVersion = "Xcode 3.2";
			developmentRegion = English;
			hasScannedForEncodings = 0;
			knownRegions = (
				en,
				Base,
			);
			mainGroup = 990950251D9928210040D759;
			productRefGroup = 9909502F1D9928210040D759 /* Products */;
			projectDirPath = "";
			projectRoot = "";
			targets = (
				9909502D1D9928210040D759 /* Typist */,
			);
		};
/* End PBXProject section */

/* Begin PBXResourcesBuildPhase section */
		9909502C1D9928210040D759 /* Resources */ = {
			isa = PBXResourcesBuildPhase;
			buildActionMask = 2147483647;
			files = (
				9909503C1D9928210040D759 /* LaunchScreen.storyboard in Resources */,
				990950391D9928210040D759 /* Assets.xcassets in Resources */,
				990950371D9928210040D759 /* Main.storyboard in Resources */,
			);
			runOnlyForDeploymentPostprocessing = 0;
		};
/* End PBXResourcesBuildPhase section */

/* Begin PBXSourcesBuildPhase section */
		9909502A1D9928210040D759 /* Sources */ = {
			isa = PBXSourcesBuildPhase;
			buildActionMask = 2147483647;
			files = (
				990950341D9928210040D759 /* ViewController.swift in Sources */,
				990950451D9928580040D759 /* Typist.swift in Sources */,
				990950321D9928210040D759 /* AppDelegate.swift in Sources */,
			);
			runOnlyForDeploymentPostprocessing = 0;
		};
/* End PBXSourcesBuildPhase section */

/* Begin PBXVariantGroup section */
		990950351D9928210040D759 /* Main.storyboard */ = {
			isa = PBXVariantGroup;
			children = (
				990950361D9928210040D759 /* Base */,
			);
			name = Main.storyboard;
			sourceTree = "<group>";
		};
		9909503A1D9928210040D759 /* LaunchScreen.storyboard */ = {
			isa = PBXVariantGroup;
			children = (
				9909503B1D9928210040D759 /* Base */,
			);
			name = LaunchScreen.storyboard;
			sourceTree = "<group>";
		};
/* End PBXVariantGroup section */

/* Begin XCBuildConfiguration section */
		9909503E1D9928210040D759 /* Debug */ = {
			isa = XCBuildConfiguration;
			buildSettings = {
				ALWAYS_SEARCH_USER_PATHS = NO;
				CLANG_ANALYZER_NONNULL = YES;
				CLANG_CXX_LANGUAGE_STANDARD = "gnu++0x";
				CLANG_CXX_LIBRARY = "libc++";
				CLANG_ENABLE_MODULES = YES;
				CLANG_ENABLE_OBJC_ARC = YES;
				CLANG_WARN_BOOL_CONVERSION = YES;
				CLANG_WARN_CONSTANT_CONVERSION = YES;
				CLANG_WARN_DIRECT_OBJC_ISA_USAGE = YES_ERROR;
				CLANG_WARN_DOCUMENTATION_COMMENTS = YES;
				CLANG_WARN_EMPTY_BODY = YES;
				CLANG_WARN_ENUM_CONVERSION = YES;
				CLANG_WARN_INFINITE_RECURSION = YES;
				CLANG_WARN_INT_CONVERSION = YES;
				CLANG_WARN_OBJC_ROOT_CLASS = YES_ERROR;
				CLANG_WARN_SUSPICIOUS_MOVES = YES;
				CLANG_WARN_UNREACHABLE_CODE = YES;
				CLANG_WARN__DUPLICATE_METHOD_MATCH = YES;
				"CODE_SIGN_IDENTITY[sdk=iphoneos*]" = "iPhone Developer";
				COPY_PHASE_STRIP = NO;
				DEBUG_INFORMATION_FORMAT = dwarf;
				ENABLE_STRICT_OBJC_MSGSEND = YES;
				ENABLE_TESTABILITY = YES;
				GCC_C_LANGUAGE_STANDARD = gnu99;
				GCC_DYNAMIC_NO_PIC = NO;
				GCC_NO_COMMON_BLOCKS = YES;
				GCC_OPTIMIZATION_LEVEL = 0;
				GCC_PREPROCESSOR_DEFINITIONS = (
					"DEBUG=1",
					"$(inherited)",
				);
				GCC_WARN_64_TO_32_BIT_CONVERSION = YES;
				GCC_WARN_ABOUT_RETURN_TYPE = YES_ERROR;
				GCC_WARN_UNDECLARED_SELECTOR = YES;
				GCC_WARN_UNINITIALIZED_AUTOS = YES_AGGRESSIVE;
				GCC_WARN_UNUSED_FUNCTION = YES;
				GCC_WARN_UNUSED_VARIABLE = YES;
				IPHONEOS_DEPLOYMENT_TARGET = 10.0;
				MTL_ENABLE_DEBUG_INFO = YES;
				ONLY_ACTIVE_ARCH = YES;
				SDKROOT = iphoneos;
				SWIFT_ACTIVE_COMPILATION_CONDITIONS = DEBUG;
				SWIFT_OPTIMIZATION_LEVEL = "-Onone";
			};
			name = Debug;
		};
		9909503F1D9928210040D759 /* Release */ = {
			isa = XCBuildConfiguration;
			buildSettings = {
				ALWAYS_SEARCH_USER_PATHS = NO;
				CLANG_ANALYZER_NONNULL = YES;
				CLANG_CXX_LANGUAGE_STANDARD = "gnu++0x";
				CLANG_CXX_LIBRARY = "libc++";
				CLANG_ENABLE_MODULES = YES;
				CLANG_ENABLE_OBJC_ARC = YES;
				CLANG_WARN_BOOL_CONVERSION = YES;
				CLANG_WARN_CONSTANT_CONVERSION = YES;
				CLANG_WARN_DIRECT_OBJC_ISA_USAGE = YES_ERROR;
				CLANG_WARN_DOCUMENTATION_COMMENTS = YES;
				CLANG_WARN_EMPTY_BODY = YES;
				CLANG_WARN_ENUM_CONVERSION = YES;
				CLANG_WARN_INFINITE_RECURSION = YES;
				CLANG_WARN_INT_CONVERSION = YES;
				CLANG_WARN_OBJC_ROOT_CLASS = YES_ERROR;
				CLANG_WARN_SUSPICIOUS_MOVES = YES;
				CLANG_WARN_UNREACHABLE_CODE = YES;
				CLANG_WARN__DUPLICATE_METHOD_MATCH = YES;
				"CODE_SIGN_IDENTITY[sdk=iphoneos*]" = "iPhone Developer";
				COPY_PHASE_STRIP = NO;
				DEBUG_INFORMATION_FORMAT = "dwarf-with-dsym";
				ENABLE_NS_ASSERTIONS = NO;
				ENABLE_STRICT_OBJC_MSGSEND = YES;
				GCC_C_LANGUAGE_STANDARD = gnu99;
				GCC_NO_COMMON_BLOCKS = YES;
				GCC_WARN_64_TO_32_BIT_CONVERSION = YES;
				GCC_WARN_ABOUT_RETURN_TYPE = YES_ERROR;
				GCC_WARN_UNDECLARED_SELECTOR = YES;
				GCC_WARN_UNINITIALIZED_AUTOS = YES_AGGRESSIVE;
				GCC_WARN_UNUSED_FUNCTION = YES;
				GCC_WARN_UNUSED_VARIABLE = YES;
				IPHONEOS_DEPLOYMENT_TARGET = 10.0;
				MTL_ENABLE_DEBUG_INFO = NO;
				SDKROOT = iphoneos;
				SWIFT_OPTIMIZATION_LEVEL = "-Owholemodule";
				VALIDATE_PRODUCT = YES;
			};
			name = Release;
		};
		990950411D9928210040D759 /* Debug */ = {
			isa = XCBuildConfiguration;
			buildSettings = {
				ASSETCATALOG_COMPILER_APPICON_NAME = AppIcon;
				INFOPLIST_FILE = Typist/Info.plist;
				LD_RUNPATH_SEARCH_PATHS = "$(inherited) @executable_path/Frameworks";
				PRODUCT_BUNDLE_IDENTIFIER = tototvalavadze.Typist;
				PRODUCT_NAME = "$(TARGET_NAME)";
				SWIFT_VERSION = 3.0;
			};
			name = Debug;
		};
		990950421D9928210040D759 /* Release */ = {
			isa = XCBuildConfiguration;
			buildSettings = {
				ASSETCATALOG_COMPILER_APPICON_NAME = AppIcon;
				INFOPLIST_FILE = Typist/Info.plist;
				LD_RUNPATH_SEARCH_PATHS = "$(inherited) @executable_path/Frameworks";
				PRODUCT_BUNDLE_IDENTIFIER = tototvalavadze.Typist;
				PRODUCT_NAME = "$(TARGET_NAME)";
				SWIFT_VERSION = 3.0;
			};
			name = Release;
		};
/* End XCBuildConfiguration section */

/* Begin XCConfigurationList section */
		990950291D9928210040D759 /* Build configuration list for PBXProject "Typist" */ = {
			isa = XCConfigurationList;
			buildConfigurations = (
				9909503E1D9928210040D759 /* Debug */,
				9909503F1D9928210040D759 /* Release */,
			);
			defaultConfigurationIsVisible = 0;
			defaultConfigurationName = Release;
		};
		990950401D9928210040D759 /* Build configuration list for PBXNativeTarget "Typist" */ = {
			isa = XCConfigurationList;
			buildConfigurations = (
				990950411D9928210040D759 /* Debug */,
				990950421D9928210040D759 /* Release */,
			);
			defaultConfigurationIsVisible = 0;
			defaultConfigurationName = Release;
		};
/* End XCConfigurationList section */
	};
	rootObject = 990950261D9928210040D759 /* Project object */;
}
